// !$*UTF8*$!
{
	archiveVersion = 1;
	classes = {
	};
	objectVersion = 46;
	objects = {

/* Begin PBXBuildFile section */
		49509E8F175BFCE000296F68 /* UIKit.framework in Frameworks */ = {isa = PBXBuildFile; fileRef = 49509E8E175BFCE000296F68 /* UIKit.framework */; };
		49509E91175BFCE000296F68 /* Foundation.framework in Frameworks */ = {isa = PBXBuildFile; fileRef = 49509E90175BFCE000296F68 /* Foundation.framework */; };
		49509E93175BFCE000296F68 /* CoreGraphics.framework in Frameworks */ = {isa = PBXBuildFile; fileRef = 49509E92175BFCE000296F68 /* CoreGraphics.framework */; };
		49509E99175BFCE000296F68 /* InfoPlist.strings in Resources */ = {isa = PBXBuildFile; fileRef = 49509E97175BFCE000296F68 /* InfoPlist.strings */; };
		49509E9B175BFCE000296F68 /* main.m in Sources */ = {isa = PBXBuildFile; fileRef = 49509E9A175BFCE000296F68 /* main.m */; };
		49509E9F175BFCE000296F68 /* HGAppDelegate.m in Sources */ = {isa = PBXBuildFile; fileRef = 49509E9E175BFCE000296F68 /* HGAppDelegate.m */; };
		49509EA1175BFCE000296F68 /* Default.png in Resources */ = {isa = PBXBuildFile; fileRef = 49509EA0175BFCE000296F68 /* Default.png */; };
		49509EA3175BFCE000296F68 /* Default@2x.png in Resources */ = {isa = PBXBuildFile; fileRef = 49509EA2175BFCE000296F68 /* Default@2x.png */; };
		49509EA5175BFCE000296F68 /* Default-568h@2x.png in Resources */ = {isa = PBXBuildFile; fileRef = 49509EA4175BFCE000296F68 /* Default-568h@2x.png */; };
		49509EA8175BFCE000296F68 /* HGViewController.m in Sources */ = {isa = PBXBuildFile; fileRef = 49509EA7175BFCE000296F68 /* HGViewController.m */; };
		49509EBA175CBDA700296F68 /* MediaPlayer.framework in Frameworks */ = {isa = PBXBuildFile; fileRef = 49509EB9175CBDA700296F68 /* MediaPlayer.framework */; };
		49509EBD175E06D600296F68 /* HGMovieView.m in Sources */ = {isa = PBXBuildFile; fileRef = 49509EBC175E06D600296F68 /* HGMovieView.m */; };
		49509EC4175EBA2800296F68 /* acacia-video.mp4 in Resources */ = {isa = PBXBuildFile; fileRef = 49509EBF175EBA2800296F68 /* acacia-video.mp4 */; };
		49509EC5175EBA2800296F68 /* video-play-1.svg in Resources */ = {isa = PBXBuildFile; fileRef = 49509EC0175EBA2800296F68 /* video-play-1.svg */; };
		49509EC6175EBA2800296F68 /* Video-play-button@2x.png in Resources */ = {isa = PBXBuildFile; fileRef = 49509EC1175EBA2800296F68 /* Video-play-button@2x.png */; };
		49509EC7175EBA2800296F68 /* video-play.pdf in Resources */ = {isa = PBXBuildFile; fileRef = 49509EC2175EBA2800296F68 /* video-play.pdf */; };
		49509EC8175EBA2800296F68 /* video-play.svg in Resources */ = {isa = PBXBuildFile; fileRef = 49509EC3175EBA2800296F68 /* video-play.svg */; };
		49509ED4175EBA7B00296F68 /* LICENSE.txt in Resources */ = {isa = PBXBuildFile; fileRef = 49509ECB175EBA7B00296F68 /* LICENSE.txt */; };
		49509ED5175EBA7B00296F68 /* NSString+MD5.m in Sources */ = {isa = PBXBuildFile; fileRef = 49509ECD175EBA7B00296F68 /* NSString+MD5.m */; };
		49509ED6175EBA7B00296F68 /* PDFView.m in Sources */ = {isa = PBXBuildFile; fileRef = 49509ECF175EBA7B00296F68 /* PDFView.m */; };
		49509ED7175EBA7B00296F68 /* UIImage+PDF.m in Sources */ = {isa = PBXBuildFile; fileRef = 49509ED1175EBA7B00296F68 /* UIImage+PDF.m */; };
		49509ED8175EBA7B00296F68 /* UIView+Image.m in Sources */ = {isa = PBXBuildFile; fileRef = 49509ED3175EBA7B00296F68 /* UIView+Image.m */; };
/* End PBXBuildFile section */

/* Begin PBXFileReference section */
		49509E8B175BFCE000296F68 /* ToyMoviePlayer.app */ = {isa = PBXFileReference; explicitFileType = wrapper.application; includeInIndex = 0; path = ToyMoviePlayer.app; sourceTree = BUILT_PRODUCTS_DIR; };
		49509E8E175BFCE000296F68 /* UIKit.framework */ = {isa = PBXFileReference; lastKnownFileType = wrapper.framework; name = UIKit.framework; path = System/Library/Frameworks/UIKit.framework; sourceTree = SDKROOT; };
		49509E90175BFCE000296F68 /* Foundation.framework */ = {isa = PBXFileReference; lastKnownFileType = wrapper.framework; name = Foundation.framework; path = System/Library/Frameworks/Foundation.framework; sourceTree = SDKROOT; };
		49509E92175BFCE000296F68 /* CoreGraphics.framework */ = {isa = PBXFileReference; lastKnownFileType = wrapper.framework; name = CoreGraphics.framework; path = System/Library/Frameworks/CoreGraphics.framework; sourceTree = SDKROOT; };
		49509E96175BFCE000296F68 /* ToyMoviePlayer-Info.plist */ = {isa = PBXFileReference; lastKnownFileType = text.plist.xml; path = "ToyMoviePlayer-Info.plist"; sourceTree = "<group>"; };
		49509E98175BFCE000296F68 /* en */ = {isa = PBXFileReference; lastKnownFileType = text.plist.strings; name = en; path = en.lproj/InfoPlist.strings; sourceTree = "<group>"; };
		49509E9A175BFCE000296F68 /* main.m */ = {isa = PBXFileReference; lastKnownFileType = sourcecode.c.objc; path = main.m; sourceTree = "<group>"; };
		49509E9C175BFCE000296F68 /* ToyMoviePlayer-Prefix.pch */ = {isa = PBXFileReference; lastKnownFileType = sourcecode.c.h; path = "ToyMoviePlayer-Prefix.pch"; sourceTree = "<group>"; };
		49509E9D175BFCE000296F68 /* HGAppDelegate.h */ = {isa = PBXFileReference; lastKnownFileType = sourcecode.c.h; path = HGAppDelegate.h; sourceTree = "<group>"; };
		49509E9E175BFCE000296F68 /* HGAppDelegate.m */ = {isa = PBXFileReference; lastKnownFileType = sourcecode.c.objc; path = HGAppDelegate.m; sourceTree = "<group>"; };
		49509EA0175BFCE000296F68 /* Default.png */ = {isa = PBXFileReference; lastKnownFileType = image.png; path = Default.png; sourceTree = "<group>"; };
		49509EA2175BFCE000296F68 /* Default@2x.png */ = {isa = PBXFileReference; lastKnownFileType = image.png; path = "Default@2x.png"; sourceTree = "<group>"; };
		49509EA4175BFCE000296F68 /* Default-568h@2x.png */ = {isa = PBXFileReference; lastKnownFileType = image.png; path = "Default-568h@2x.png"; sourceTree = "<group>"; };
		49509EA6175BFCE000296F68 /* HGViewController.h */ = {isa = PBXFileReference; lastKnownFileType = sourcecode.c.h; path = HGViewController.h; sourceTree = "<group>"; };
		49509EA7175BFCE000296F68 /* HGViewController.m */ = {isa = PBXFileReference; lastKnownFileType = sourcecode.c.objc; path = HGViewController.m; sourceTree = "<group>"; };
		49509EB9175CBDA700296F68 /* MediaPlayer.framework */ = {isa = PBXFileReference; lastKnownFileType = wrapper.framework; name = MediaPlayer.framework; path = System/Library/Frameworks/MediaPlayer.framework; sourceTree = SDKROOT; };
		49509EBB175E06D600296F68 /* HGMovieView.h */ = {isa = PBXFileReference; fileEncoding = 4; lastKnownFileType = sourcecode.c.h; path = HGMovieView.h; sourceTree = "<group>"; };
		49509EBC175E06D600296F68 /* HGMovieView.m */ = {isa = PBXFileReference; fileEncoding = 4; lastKnownFileType = sourcecode.c.objc; path = HGMovieView.m; sourceTree = "<group>"; };
		49509EBF175EBA2800296F68 /* acacia-video.mp4 */ = {isa = PBXFileReference; lastKnownFileType = file; path = "acacia-video.mp4"; sourceTree = "<group>"; };
		49509EC0175EBA2800296F68 /* video-play-1.svg */ = {isa = PBXFileReference; fileEncoding = 4; lastKnownFileType = text.xml; path = "video-play-1.svg"; sourceTree = "<group>"; };
		49509EC1175EBA2800296F68 /* Video-play-button@2x.png */ = {isa = PBXFileReference; lastKnownFileType = image.png; path = "Video-play-button@2x.png"; sourceTree = "<group>"; };
		49509EC2175EBA2800296F68 /* video-play.pdf */ = {isa = PBXFileReference; lastKnownFileType = image.pdf; path = "video-play.pdf"; sourceTree = "<group>"; };
		49509EC3175EBA2800296F68 /* video-play.svg */ = {isa = PBXFileReference; fileEncoding = 4; lastKnownFileType = text.xml; path = "video-play.svg"; sourceTree = "<group>"; };
		49509ECB175EBA7B00296F68 /* LICENSE.txt */ = {isa = PBXFileReference; fileEncoding = 4; lastKnownFileType = text; path = LICENSE.txt; sourceTree = "<group>"; };
		49509ECC175EBA7B00296F68 /* NSString+MD5.h */ = {isa = PBXFileReference; fileEncoding = 4; lastKnownFileType = sourcecode.c.h; path = "NSString+MD5.h"; sourceTree = "<group>"; };
		49509ECD175EBA7B00296F68 /* NSString+MD5.m */ = {isa = PBXFileReference; fileEncoding = 4; lastKnownFileType = sourcecode.c.objc; path = "NSString+MD5.m"; sourceTree = "<group>"; };
		49509ECE175EBA7B00296F68 /* PDFView.h */ = {isa = PBXFileReference; fileEncoding = 4; lastKnownFileType = sourcecode.c.h; path = PDFView.h; sourceTree = "<group>"; };
		49509ECF175EBA7B00296F68 /* PDFView.m */ = {isa = PBXFileReference; fileEncoding = 4; lastKnownFileType = sourcecode.c.objc; path = PDFView.m; sourceTree = "<group>"; };
		49509ED0175EBA7B00296F68 /* UIImage+PDF.h */ = {isa = PBXFileReference; fileEncoding = 4; lastKnownFileType = sourcecode.c.h; path = "UIImage+PDF.h"; sourceTree = "<group>"; };
		49509ED1175EBA7B00296F68 /* UIImage+PDF.m */ = {isa = PBXFileReference; fileEncoding = 4; lastKnownFileType = sourcecode.c.objc; path = "UIImage+PDF.m"; sourceTree = "<group>"; };
		49509ED2175EBA7B00296F68 /* UIView+Image.h */ = {isa = PBXFileReference; fileEncoding = 4; lastKnownFileType = sourcecode.c.h; path = "UIView+Image.h"; sourceTree = "<group>"; };
		49509ED3175EBA7B00296F68 /* UIView+Image.m */ = {isa = PBXFileReference; fileEncoding = 4; lastKnownFileType = sourcecode.c.objc; path = "UIView+Image.m"; sourceTree = "<group>"; };
/* End PBXFileReference section */

/* Begin PBXFrameworksBuildPhase section */
		49509E88175BFCE000296F68 /* Frameworks */ = {
			isa = PBXFrameworksBuildPhase;
			buildActionMask = 2147483647;
			files = (
				49509EBA175CBDA700296F68 /* MediaPlayer.framework in Frameworks */,
				49509E8F175BFCE000296F68 /* UIKit.framework in Frameworks */,
				49509E91175BFCE000296F68 /* Foundation.framework in Frameworks */,
				49509E93175BFCE000296F68 /* CoreGraphics.framework in Frameworks */,
			);
			runOnlyForDeploymentPostprocessing = 0;
		};
/* End PBXFrameworksBuildPhase section */

/* Begin PBXGroup section */
		49509E82175BFCE000296F68 = {
			isa = PBXGroup;
			children = (
				49509EC9175EBA7B00296F68 /* Libraries */,
				49509EBE175EBA2800296F68 /* Media */,
				49509E94175BFCE000296F68 /* ToyMoviePlayer */,
				49509E8D175BFCE000296F68 /* Frameworks */,
				49509E8C175BFCE000296F68 /* Products */,
			);
			sourceTree = "<group>";
		};
		49509E8C175BFCE000296F68 /* Products */ = {
			isa = PBXGroup;
			children = (
				49509E8B175BFCE000296F68 /* ToyMoviePlayer.app */,
			);
			name = Products;
			sourceTree = "<group>";
		};
		49509E8D175BFCE000296F68 /* Frameworks */ = {
			isa = PBXGroup;
			children = (
				49509EB9175CBDA700296F68 /* MediaPlayer.framework */,
				49509E8E175BFCE000296F68 /* UIKit.framework */,
				49509E90175BFCE000296F68 /* Foundation.framework */,
				49509E92175BFCE000296F68 /* CoreGraphics.framework */,
			);
			name = Frameworks;
			sourceTree = "<group>";
		};
		49509E94175BFCE000296F68 /* ToyMoviePlayer */ = {
			isa = PBXGroup;
			children = (
				49509E9D175BFCE000296F68 /* HGAppDelegate.h */,
				49509E9E175BFCE000296F68 /* HGAppDelegate.m */,
				49509EA6175BFCE000296F68 /* HGViewController.h */,
				49509EA7175BFCE000296F68 /* HGViewController.m */,
				49509EBB175E06D600296F68 /* HGMovieView.h */,
				49509EBC175E06D600296F68 /* HGMovieView.m */,
				49509E95175BFCE000296F68 /* Supporting Files */,
			);
			path = ToyMoviePlayer;
			sourceTree = "<group>";
		};
		49509E95175BFCE000296F68 /* Supporting Files */ = {
			isa = PBXGroup;
			children = (
				49509E96175BFCE000296F68 /* ToyMoviePlayer-Info.plist */,
				49509E97175BFCE000296F68 /* InfoPlist.strings */,
				49509E9A175BFCE000296F68 /* main.m */,
				49509E9C175BFCE000296F68 /* ToyMoviePlayer-Prefix.pch */,
				49509EA0175BFCE000296F68 /* Default.png */,
				49509EA2175BFCE000296F68 /* Default@2x.png */,
				49509EA4175BFCE000296F68 /* Default-568h@2x.png */,
			);
			name = "Supporting Files";
			sourceTree = "<group>";
		};
		49509EBE175EBA2800296F68 /* Media */ = {
			isa = PBXGroup;
			children = (
				49509EBF175EBA2800296F68 /* acacia-video.mp4 */,
				49509EC0175EBA2800296F68 /* video-play-1.svg */,
				49509EC1175EBA2800296F68 /* Video-play-button@2x.png */,
				49509EC2175EBA2800296F68 /* video-play.pdf */,
				49509EC3175EBA2800296F68 /* video-play.svg */,
			);
			path = Media;
			sourceTree = "<group>";
		};
		49509EC9175EBA7B00296F68 /* Libraries */ = {
			isa = PBXGroup;
			children = (
				49509ECA175EBA7B00296F68 /* UIImage+PDF */,
			);
			path = Libraries;
			sourceTree = "<group>";
		};
		49509ECA175EBA7B00296F68 /* UIImage+PDF */ = {
			isa = PBXGroup;
			children = (
				49509ECB175EBA7B00296F68 /* LICENSE.txt */,
				49509ECC175EBA7B00296F68 /* NSString+MD5.h */,
				49509ECD175EBA7B00296F68 /* NSString+MD5.m */,
				49509ECE175EBA7B00296F68 /* PDFView.h */,
				49509ECF175EBA7B00296F68 /* PDFView.m */,
				49509ED0175EBA7B00296F68 /* UIImage+PDF.h */,
				49509ED1175EBA7B00296F68 /* UIImage+PDF.m */,
				49509ED2175EBA7B00296F68 /* UIView+Image.h */,
				49509ED3175EBA7B00296F68 /* UIView+Image.m */,
			);
			path = "UIImage+PDF";
			sourceTree = "<group>";
		};
/* End PBXGroup section */

/* Begin PBXNativeTarget section */
		49509E8A175BFCE000296F68 /* ToyMoviePlayer */ = {
			isa = PBXNativeTarget;
			buildConfigurationList = 49509EB1175BFCE000296F68 /* Build configuration list for PBXNativeTarget "ToyMoviePlayer" */;
			buildPhases = (
				49509E87175BFCE000296F68 /* Sources */,
				49509E88175BFCE000296F68 /* Frameworks */,
				49509E89175BFCE000296F68 /* Resources */,
			);
			buildRules = (
			);
			dependencies = (
			);
			name = ToyMoviePlayer;
			productName = ToyMoviePlayer;
			productReference = 49509E8B175BFCE000296F68 /* ToyMoviePlayer.app */;
			productType = "com.apple.product-type.application";
		};
/* End PBXNativeTarget section */

/* Begin PBXProject section */
		49509E83175BFCE000296F68 /* Project object */ = {
			isa = PBXProject;
			attributes = {
				CLASSPREFIX = HG;
				LastUpgradeCheck = 0460;
				ORGANIZATIONNAME = "Andrew Davis";
			};
			buildConfigurationList = 49509E86175BFCE000296F68 /* Build configuration list for PBXProject "ToyMoviePlayer" */;
			compatibilityVersion = "Xcode 3.2";
			developmentRegion = English;
			hasScannedForEncodings = 0;
			knownRegions = (
				en,
			);
			mainGroup = 49509E82175BFCE000296F68;
			productRefGroup = 49509E8C175BFCE000296F68 /* Products */;
			projectDirPath = "";
			projectRoot = "";
			targets = (
				49509E8A175BFCE000296F68 /* ToyMoviePlayer */,
			);
		};
/* End PBXProject section */

/* Begin PBXResourcesBuildPhase section */
		49509E89175BFCE000296F68 /* Resources */ = {
			isa = PBXResourcesBuildPhase;
			buildActionMask = 2147483647;
			files = (
				49509E99175BFCE000296F68 /* InfoPlist.strings in Resources */,
				49509EA1175BFCE000296F68 /* Default.png in Resources */,
				49509EA3175BFCE000296F68 /* Default@2x.png in Resources */,
				49509EA5175BFCE000296F68 /* Default-568h@2x.png in Resources */,
				49509EC4175EBA2800296F68 /* acacia-video.mp4 in Resources */,
				49509EC5175EBA2800296F68 /* video-play-1.svg in Resources */,
				49509EC6175EBA2800296F68 /* Video-play-button@2x.png in Resources */,
				49509EC7175EBA2800296F68 /* video-play.pdf in Resources */,
				49509EC8175EBA2800296F68 /* video-play.svg in Resources */,
				49509ED4175EBA7B00296F68 /* LICENSE.txt in Resources */,
			);
			runOnlyForDeploymentPostprocessing = 0;
		};
/* End PBXResourcesBuildPhase section */

/* Begin PBXSourcesBuildPhase section */
		49509E87175BFCE000296F68 /* Sources */ = {
			isa = PBXSourcesBuildPhase;
			buildActionMask = 2147483647;
			files = (
				49509E9B175BFCE000296F68 /* main.m in Sources */,
				49509E9F175BFCE000296F68 /* HGAppDelegate.m in Sources */,
				49509EA8175BFCE000296F68 /* HGViewController.m in Sources */,
				49509EBD175E06D600296F68 /* HGMovieView.m in Sources */,
				49509ED5175EBA7B00296F68 /* NSString+MD5.m in Sources */,
				49509ED6175EBA7B00296F68 /* PDFView.m in Sources */,
				49509ED7175EBA7B00296F68 /* UIImage+PDF.m in Sources */,
				49509ED8175EBA7B00296F68 /* UIView+Image.m in Sources */,
			);
			runOnlyForDeploymentPostprocessing = 0;
		};
/* End PBXSourcesBuildPhase section */

/* Begin PBXVariantGroup section */
		49509E97175BFCE000296F68 /* InfoPlist.strings */ = {
			isa = PBXVariantGroup;
			children = (
				49509E98175BFCE000296F68 /* en */,
			);
			name = InfoPlist.strings;
			sourceTree = "<group>";
		};
/* End PBXVariantGroup section */

/* Begin XCBuildConfiguration section */
		49509EAF175BFCE000296F68 /* Debug */ = {
			isa = XCBuildConfiguration;
			buildSettings = {
				ALWAYS_SEARCH_USER_PATHS = NO;
				CLANG_CXX_LANGUAGE_STANDARD = "gnu++0x";
				CLANG_CXX_LIBRARY = "libc++";
				CLANG_ENABLE_OBJC_ARC = YES;
				CLANG_WARN_CONSTANT_CONVERSION = YES;
				CLANG_WARN_EMPTY_BODY = YES;
				CLANG_WARN_ENUM_CONVERSION = YES;
				CLANG_WARN_INT_CONVERSION = YES;
				CLANG_WARN__DUPLICATE_METHOD_MATCH = YES;
				"CODE_SIGN_IDENTITY[sdk=iphoneos*]" = "iPhone Developer";
				COPY_PHASE_STRIP = NO;
				GCC_C_LANGUAGE_STANDARD = gnu99;
				GCC_DYNAMIC_NO_PIC = NO;
				GCC_OPTIMIZATION_LEVEL = 0;
				GCC_PREPROCESSOR_DEFINITIONS = (
					"DEBUG=1",
					"$(inherited)",
				);
				GCC_SYMBOLS_PRIVATE_EXTERN = NO;
				GCC_WARN_ABOUT_RETURN_TYPE = YES;
				GCC_WARN_UNINITIALIZED_AUTOS = YES;
				GCC_WARN_UNUSED_VARIABLE = YES;
				IPHONEOS_DEPLOYMENT_TARGET = 6.1;
				ONLY_ACTIVE_ARCH = YES;
				SDKROOT = iphoneos;
				TARGETED_DEVICE_FAMILY = "1,2";
			};
			name = Debug;
		};
		49509EB0175BFCE000296F68 /* Release */ = {
			isa = XCBuildConfiguration;
			buildSettings = {
				ALWAYS_SEARCH_USER_PATHS = NO;
				CLANG_CXX_LANGUAGE_STANDARD = "gnu++0x";
				CLANG_CXX_LIBRARY = "libc++";
				CLANG_ENABLE_OBJC_ARC = YES;
				CLANG_WARN_CONSTANT_CONVERSION = YES;
				CLANG_WARN_EMPTY_BODY = YES;
				CLANG_WARN_ENUM_CONVERSION = YES;
				CLANG_WARN_INT_CONVERSION = YES;
				CLANG_WARN__DUPLICATE_METHOD_MATCH = YES;
				"CODE_SIGN_IDENTITY[sdk=iphoneos*]" = "iPhone Developer";
				COPY_PHASE_STRIP = YES;
				GCC_C_LANGUAGE_STANDARD = gnu99;
				GCC_WARN_ABOUT_RETURN_TYPE = YES;
				GCC_WARN_UNINITIALIZED_AUTOS = YES;
				GCC_WARN_UNUSED_VARIABLE = YES;
				IPHONEOS_DEPLOYMENT_TARGET = 6.1;
				OTHER_CFLAGS = "-DNS_BLOCK_ASSERTIONS=1";
				SDKROOT = iphoneos;
				TARGETED_DEVICE_FAMILY = "1,2";
				VALIDATE_PRODUCT = YES;
			};
			name = Release;
		};
		49509EB2175BFCE000296F68 /* Debug */ = {
			isa = XCBuildConfiguration;
			buildSettings = {
				GCC_PRECOMPILE_PREFIX_HEADER = YES;
				GCC_PREFIX_HEADER = "ToyMoviePlayer/ToyMoviePlayer-Prefix.pch";
				INFOPLIST_FILE = "ToyMoviePlayer/ToyMoviePlayer-Info.plist";
				PRODUCT_NAME = "$(TARGET_NAME)";
				WRAPPER_EXTENSION = app;
			};
			name = Debug;
		};
		49509EB3175BFCE000296F68 /* Release */ = {
			isa = XCBuildConfiguration;
			buildSettings = {
				GCC_PRECOMPILE_PREFIX_HEADER = YES;
				GCC_PREFIX_HEADER = "ToyMoviePlayer/ToyMoviePlayer-Prefix.pch";
				INFOPLIST_FILE = "ToyMoviePlayer/ToyMoviePlayer-Info.plist";
				PRODUCT_NAME = "$(TARGET_NAME)";
				WRAPPER_EXTENSION = app;
			};
			name = Release;
		};
/* End XCBuildConfiguration section */

/* Begin XCConfigurationList section */
		49509E86175BFCE000296F68 /* Build configuration list for PBXProject "ToyMoviePlayer" */ = {
			isa = XCConfigurationList;
			buildConfigurations = (
				49509EAF175BFCE000296F68 /* Debug */,
				49509EB0175BFCE000296F68 /* Release */,
			);
			defaultConfigurationIsVisible = 0;
			defaultConfigurationName = Release;
		};
		49509EB1175BFCE000296F68 /* Build configuration list for PBXNativeTarget "ToyMoviePlayer" */ = {
			isa = XCConfigurationList;
			buildConfigurations = (
				49509EB2175BFCE000296F68 /* Debug */,
				49509EB3175BFCE000296F68 /* Release */,
			);
			defaultConfigurationIsVisible = 0;
		};
/* End XCConfigurationList section */
	};
	rootObject = 49509E83175BFCE000296F68 /* Project object */;
}
